
Microsoft Visual Studio Solution File, Format Version 12.00
# Visual Studio Version 17
VisualStudioVersion = 17.14.36623.8 d17.14
MinimumVisualStudioVersion = 10.0.40219.1
Project("{FAE04EC0-301F-11D3-BF4B-00C04F79EFBC}") = "NotePad MVP", "NotePad MVP.csproj", "{CE9E79D1-835C-414D-B08F-F470943DBB8D}"
EndProject
Global
	GlobalSection(SolutionConfigurationPlatforms) = preSolution
		Debug|Any CPU = Debug|Any CPU
		Release|Any CPU = Release|Any CPU
	EndGlobalSection
	GlobalSection(ProjectConfigurationPlatforms) = postSolution
		{CE9E79D1-835C-414D-B08F-F470943DBB8D}.Debug|Any CPU.ActiveCfg = Debug|Any CPU
		{CE9E79D1-835C-414D-B08F-F470943DBB8D}.Debug|Any CPU.Build.0 = Debug|Any CPU
		{CE9E79D1-835C-414D-B08F-F470943DBB8D}.Release|Any CPU.ActiveCfg = Release|Any CPU
		{CE9E79D1-835C-414D-B08F-F470943DBB8D}.Release|Any CPU.Build.0 = Release|Any CPU
	EndGlobalSection
	GlobalSection(SolutionProperties) = preSolution
		HideSolutionNode = FALSE
	EndGlobalSection
	GlobalSection(ExtensibilityGlobals) = postSolution
		SolutionGuid = {DA1E1A20-3D48-42EC-BF78-AB93AACB3D4F}
	EndGlobalSection
EndGlobal
